// !$*UTF8*$!
{
	archiveVersion = 1;
	classes = {
	};
	objectVersion = 55;
	objects = {

/* Begin PBXBuildFile section */
		AC6970FC2A55FCDB00F88839 /* AppleWalletApp.swift in Sources */ = {isa = PBXBuildFile; fileRef = AC6970FB2A55FCDB00F88839 /* AppleWalletApp.swift */; };
		AC6971002A55FCDC00F88839 /* Assets.xcassets in Resources */ = {isa = PBXBuildFile; fileRef = AC6970FF2A55FCDC00F88839 /* Assets.xcassets */; };
		AC6971032A55FCDC00F88839 /* Preview Assets.xcassets in Resources */ = {isa = PBXBuildFile; fileRef = AC6971022A55FCDC00F88839 /* Preview Assets.xcassets */; };
		AC69710E2A55FE6700F88839 /* Transaction.swift in Sources */ = {isa = PBXBuildFile; fileRef = AC69710D2A55FE6700F88839 /* Transaction.swift */; };
		AC6971102A55FEBA00F88839 /* Card.swift in Sources */ = {isa = PBXBuildFile; fileRef = AC69710F2A55FEBA00F88839 /* Card.swift */; };
		AC6971122A55FF1800F88839 /* CardType.swift in Sources */ = {isa = PBXBuildFile; fileRef = AC6971112A55FF1800F88839 /* CardType.swift */; };
		AC6971142A55FF7C00F88839 /* TransactionHistoryView.swift in Sources */ = {isa = PBXBuildFile; fileRef = AC6971132A55FF7C00F88839 /* TransactionHistoryView.swift */; };
		AC6971172A56008600F88839 /* ProviderPreview + EXT.swift in Sources */ = {isa = PBXBuildFile; fileRef = AC6971162A56008600F88839 /* ProviderPreview + EXT.swift */; };
		AC6971192A56029A00F88839 /* CardView.swift in Sources */ = {isa = PBXBuildFile; fileRef = AC6971182A56029A00F88839 /* CardView.swift */; };
/* End PBXBuildFile section */

/* Begin PBXFileReference section */
		AC6970F82A55FCDB00F88839 /* AppleWallet.app */ = {isa = PBXFileReference; explicitFileType = wrapper.application; includeInIndex = 0; path = AppleWallet.app; sourceTree = BUILT_PRODUCTS_DIR; };
		AC6970FB2A55FCDB00F88839 /* AppleWalletApp.swift */ = {isa = PBXFileReference; lastKnownFileType = sourcecode.swift; path = AppleWalletApp.swift; sourceTree = "<group>"; };
		AC6970FF2A55FCDC00F88839 /* Assets.xcassets */ = {isa = PBXFileReference; lastKnownFileType = folder.assetcatalog; path = Assets.xcassets; sourceTree = "<group>"; };
		AC6971022A55FCDC00F88839 /* Preview Assets.xcassets */ = {isa = PBXFileReference; lastKnownFileType = folder.assetcatalog; path = "Preview Assets.xcassets"; sourceTree = "<group>"; };
		AC69710D2A55FE6700F88839 /* Transaction.swift */ = {isa = PBXFileReference; lastKnownFileType = sourcecode.swift; path = Transaction.swift; sourceTree = "<group>"; };
		AC69710F2A55FEBA00F88839 /* Card.swift */ = {isa = PBXFileReference; lastKnownFileType = sourcecode.swift; path = Card.swift; sourceTree = "<group>"; };
		AC6971112A55FF1800F88839 /* CardType.swift */ = {isa = PBXFileReference; lastKnownFileType = sourcecode.swift; path = CardType.swift; sourceTree = "<group>"; };
		AC6971132A55FF7C00F88839 /* TransactionHistoryView.swift */ = {isa = PBXFileReference; lastKnownFileType = sourcecode.swift; path = TransactionHistoryView.swift; sourceTree = "<group>"; };
		AC6971162A56008600F88839 /* ProviderPreview + EXT.swift */ = {isa = PBXFileReference; lastKnownFileType = sourcecode.swift; path = "ProviderPreview + EXT.swift"; sourceTree = "<group>"; };
		AC6971182A56029A00F88839 /* CardView.swift */ = {isa = PBXFileReference; lastKnownFileType = sourcecode.swift; path = CardView.swift; sourceTree = "<group>"; };
/* End PBXFileReference section */

/* Begin PBXFrameworksBuildPhase section */
		AC6970F52A55FCDB00F88839 /* Frameworks */ = {
			isa = PBXFrameworksBuildPhase;
			buildActionMask = 2147483647;
			files = (
			);
			runOnlyForDeploymentPostprocessing = 0;
		};
/* End PBXFrameworksBuildPhase section */

/* Begin PBXGroup section */
		AC6970EF2A55FCDB00F88839 = {
			isa = PBXGroup;
			children = (
				AC6970FA2A55FCDB00F88839 /* AppleWallet */,
				AC6970F92A55FCDB00F88839 /* Products */,
			);
			sourceTree = "<group>";
		};
		AC6970F92A55FCDB00F88839 /* Products */ = {
			isa = PBXGroup;
			children = (
				AC6970F82A55FCDB00F88839 /* AppleWallet.app */,
			);
			name = Products;
			sourceTree = "<group>";
		};
		AC6970FA2A55FCDB00F88839 /* AppleWallet */ = {
			isa = PBXGroup;
			children = (
				AC6970FB2A55FCDB00F88839 /* AppleWalletApp.swift */,
				AC6971152A56007900F88839 /* Extensions */,
				AC69710B2A55FE5100F88839 /* Model */,
				AC69710C2A55FE5B00F88839 /* Views */,
				AC6970FF2A55FCDC00F88839 /* Assets.xcassets */,
				AC6971012A55FCDC00F88839 /* Preview Content */,
			);
			path = AppleWallet;
			sourceTree = "<group>";
		};
		AC6971012A55FCDC00F88839 /* Preview Content */ = {
			isa = PBXGroup;
			children = (
				AC6971022A55FCDC00F88839 /* Preview Assets.xcassets */,
			);
			path = "Preview Content";
			sourceTree = "<group>";
		};
		AC69710B2A55FE5100F88839 /* Model */ = {
			isa = PBXGroup;
			children = (
				AC69710F2A55FEBA00F88839 /* Card.swift */,
				AC6971112A55FF1800F88839 /* CardType.swift */,
				AC69710D2A55FE6700F88839 /* Transaction.swift */,
			);
			path = Model;
			sourceTree = "<group>";
		};
		AC69710C2A55FE5B00F88839 /* Views */ = {
			isa = PBXGroup;
			children = (
				AC6971182A56029A00F88839 /* CardView.swift */,
				AC6971132A55FF7C00F88839 /* TransactionHistoryView.swift */,
			);
			path = Views;
			sourceTree = "<group>";
		};
		AC6971152A56007900F88839 /* Extensions */ = {
			isa = PBXGroup;
			children = (
				AC6971162A56008600F88839 /* ProviderPreview + EXT.swift */,
			);
			path = Extensions;
			sourceTree = "<group>";
		};
/* End PBXGroup section */

/* Begin PBXNativeTarget section */
		AC6970F72A55FCDB00F88839 /* AppleWallet */ = {
			isa = PBXNativeTarget;
			buildConfigurationList = AC6971062A55FCDC00F88839 /* Build configuration list for PBXNativeTarget "AppleWallet" */;
			buildPhases = (
				AC6970F42A55FCDB00F88839 /* Sources */,
				AC6970F52A55FCDB00F88839 /* Frameworks */,
				AC6970F62A55FCDB00F88839 /* Resources */,
			);
			buildRules = (
			);
			dependencies = (
			);
			name = AppleWallet;
			productName = AppleWallet;
			productReference = AC6970F82A55FCDB00F88839 /* AppleWallet.app */;
			productType = "com.apple.product-type.application";
		};
/* End PBXNativeTarget section */

/* Begin PBXProject section */
		AC6970F02A55FCDB00F88839 /* Project object */ = {
			isa = PBXProject;
			attributes = {
				BuildIndependentTargetsInParallel = 1;
				LastSwiftUpdateCheck = 1430;
				LastUpgradeCheck = 1430;
				TargetAttributes = {
					AC6970F72A55FCDB00F88839 = {
						CreatedOnToolsVersion = 14.3;
					};
				};
			};
			buildConfigurationList = AC6970F32A55FCDB00F88839 /* Build configuration list for PBXProject "AppleWallet" */;
			compatibilityVersion = "Xcode 13.0";
			developmentRegion = en;
			hasScannedForEncodings = 0;
			knownRegions = (
				en,
				Base,
			);
			mainGroup = AC6970EF2A55FCDB00F88839;
			productRefGroup = AC6970F92A55FCDB00F88839 /* Products */;
			projectDirPath = "";
			projectRoot = "";
			targets = (
				AC6970F72A55FCDB00F88839 /* AppleWallet */,
			);
		};
/* End PBXProject section */

/* Begin PBXResourcesBuildPhase section */
		AC6970F62A55FCDB00F88839 /* Resources */ = {
			isa = PBXResourcesBuildPhase;
			buildActionMask = 2147483647;
			files = (
				AC6971032A55FCDC00F88839 /* Preview Assets.xcassets in Resources */,
				AC6971002A55FCDC00F88839 /* Assets.xcassets in Resources */,
			);
			runOnlyForDeploymentPostprocessing = 0;
		};
/* End PBXResourcesBuildPhase section */

/* Begin PBXSourcesBuildPhase section */
		AC6970F42A55FCDB00F88839 /* Sources */ = {
			isa = PBXSourcesBuildPhase;
			buildActionMask = 2147483647;
			files = (
				AC6971102A55FEBA00F88839 /* Card.swift in Sources */,
				AC69710E2A55FE6700F88839 /* Transaction.swift in Sources */,
				AC6970FC2A55FCDB00F88839 /* AppleWalletApp.swift in Sources */,
				AC6971142A55FF7C00F88839 /* TransactionHistoryView.swift in Sources */,
				AC6971122A55FF1800F88839 /* CardType.swift in Sources */,
				AC6971192A56029A00F88839 /* CardView.swift in Sources */,
				AC6971172A56008600F88839 /* ProviderPreview + EXT.swift in Sources */,
			);
			runOnlyForDeploymentPostprocessing = 0;
		};
/* End PBXSourcesBuildPhase section */

/* Begin XCBuildConfiguration section */
		AC6971042A55FCDC00F88839 /* Debug */ = {
			isa = XCBuildConfiguration;
			buildSettings = {
				ALWAYS_SEARCH_USER_PATHS = NO;
				CLANG_ANALYZER_NONNULL = YES;
				CLANG_ANALYZER_NUMBER_OBJECT_CONVERSION = YES_AGGRESSIVE;
				CLANG_CXX_LANGUAGE_STANDARD = "gnu++20";
				CLANG_ENABLE_MODULES = YES;
				CLANG_ENABLE_OBJC_ARC = YES;
				CLANG_ENABLE_OBJC_WEAK = YES;
				CLANG_WARN_BLOCK_CAPTURE_AUTORELEASING = YES;
				CLANG_WARN_BOOL_CONVERSION = YES;
				CLANG_WARN_COMMA = YES;
				CLANG_WARN_CONSTANT_CONVERSION = YES;
				CLANG_WARN_DEPRECATED_OBJC_IMPLEMENTATIONS = YES;
				CLANG_WARN_DIRECT_OBJC_ISA_USAGE = YES_ERROR;
				CLANG_WARN_DOCUMENTATION_COMMENTS = YES;
				CLANG_WARN_EMPTY_BODY = YES;
				CLANG_WARN_ENUM_CONVERSION = YES;
				CLANG_WARN_INFINITE_RECURSION = YES;
				CLANG_WARN_INT_CONVERSION = YES;
				CLANG_WARN_NON_LITERAL_NULL_CONVERSION = YES;
				CLANG_WARN_OBJC_IMPLICIT_RETAIN_SELF = YES;
				CLANG_WARN_OBJC_LITERAL_CONVERSION = YES;
				CLANG_WARN_OBJC_ROOT_CLASS = YES_ERROR;
				CLANG_WARN_QUOTED_INCLUDE_IN_FRAMEWORK_HEADER = YES;
				CLANG_WARN_RANGE_LOOP_ANALYSIS = YES;
				CLANG_WARN_STRICT_PROTOTYPES = YES;
				CLANG_WARN_SUSPICIOUS_MOVE = YES;
				CLANG_WARN_UNGUARDED_AVAILABILITY = YES_AGGRESSIVE;
				CLANG_WARN_UNREACHABLE_CODE = YES;
				CLANG_WARN__DUPLICATE_METHOD_MATCH = YES;
				COPY_PHASE_STRIP = NO;
				DEBUG_INFORMATION_FORMAT = dwarf;
				ENABLE_STRICT_OBJC_MSGSEND = YES;
				ENABLE_TESTABILITY = YES;
				GCC_C_LANGUAGE_STANDARD = gnu11;
				GCC_DYNAMIC_NO_PIC = NO;
				GCC_NO_COMMON_BLOCKS = YES;
				GCC_OPTIMIZATION_LEVEL = 0;
				GCC_PREPROCESSOR_DEFINITIONS = (
					"DEBUG=1",
					"$(inherited)",
				);
				GCC_WARN_64_TO_32_BIT_CONVERSION = YES;
				GCC_WARN_ABOUT_RETURN_TYPE = YES_ERROR;
				GCC_WARN_UNDECLARED_SELECTOR = YES;
				GCC_WARN_UNINITIALIZED_AUTOS = YES_AGGRESSIVE;
				GCC_WARN_UNUSED_FUNCTION = YES;
				GCC_WARN_UNUSED_VARIABLE = YES;
				IPHONEOS_DEPLOYMENT_TARGET = 14.0;
				MTL_ENABLE_DEBUG_INFO = INCLUDE_SOURCE;
				MTL_FAST_MATH = YES;
				ONLY_ACTIVE_ARCH = YES;
				SDKROOT = iphoneos;
				SWIFT_ACTIVE_COMPILATION_CONDITIONS = DEBUG;
				SWIFT_OPTIMIZATION_LEVEL = "-Onone";
			};
			name = Debug;
		};
		AC6971052A55FCDC00F88839 /* Release */ = {
			isa = XCBuildConfiguration;
			buildSettings = {
				ALWAYS_SEARCH_USER_PATHS = NO;
				CLANG_ANALYZER_NONNULL = YES;
				CLANG_ANALYZER_NUMBER_OBJECT_CONVERSION = YES_AGGRESSIVE;
				CLANG_CXX_LANGUAGE_STANDARD = "gnu++20";
				CLANG_ENABLE_MODULES = YES;
				CLANG_ENABLE_OBJC_ARC = YES;
				CLANG_ENABLE_OBJC_WEAK = YES;
				CLANG_WARN_BLOCK_CAPTURE_AUTORELEASING = YES;
				CLANG_WARN_BOOL_CONVERSION = YES;
				CLANG_WARN_COMMA = YES;
				CLANG_WARN_CONSTANT_CONVERSION = YES;
				CLANG_WARN_DEPRECATED_OBJC_IMPLEMENTATIONS = YES;
				CLANG_WARN_DIRECT_OBJC_ISA_USAGE = YES_ERROR;
				CLANG_WARN_DOCUMENTATION_COMMENTS = YES;
				CLANG_WARN_EMPTY_BODY = YES;
				CLANG_WARN_ENUM_CONVERSION = YES;
				CLANG_WARN_INFINITE_RECURSION = YES;
				CLANG_WARN_INT_CONVERSION = YES;
				CLANG_WARN_NON_LITERAL_NULL_CONVERSION = YES;
				CLANG_WARN_OBJC_IMPLICIT_RETAIN_SELF = YES;
				CLANG_WARN_OBJC_LITERAL_CONVERSION = YES;
				CLANG_WARN_OBJC_ROOT_CLASS = YES_ERROR;
				CLANG_WARN_QUOTED_INCLUDE_IN_FRAMEWORK_HEADER = YES;
				CLANG_WARN_RANGE_LOOP_ANALYSIS = YES;
				CLANG_WARN_STRICT_PROTOTYPES = YES;
				CLANG_WARN_SUSPICIOUS_MOVE = YES;
				CLANG_WARN_UNGUARDED_AVAILABILITY = YES_AGGRESSIVE;
				CLANG_WARN_UNREACHABLE_CODE = YES;
				CLANG_WARN__DUPLICATE_METHOD_MATCH = YES;
				COPY_PHASE_STRIP = NO;
				DEBUG_INFORMATION_FORMAT = "dwarf-with-dsym";
				ENABLE_NS_ASSERTIONS = NO;
				ENABLE_STRICT_OBJC_MSGSEND = YES;
				GCC_C_LANGUAGE_STANDARD = gnu11;
				GCC_NO_COMMON_BLOCKS = YES;
				GCC_WARN_64_TO_32_BIT_CONVERSION = YES;
				GCC_WARN_ABOUT_RETURN_TYPE = YES_ERROR;
				GCC_WARN_UNDECLARED_SELECTOR = YES;
				GCC_WARN_UNINITIALIZED_AUTOS = YES_AGGRESSIVE;
				GCC_WARN_UNUSED_FUNCTION = YES;
				GCC_WARN_UNUSED_VARIABLE = YES;
				IPHONEOS_DEPLOYMENT_TARGET = 14.0;
				MTL_ENABLE_DEBUG_INFO = NO;
				MTL_FAST_MATH = YES;
				SDKROOT = iphoneos;
				SWIFT_COMPILATION_MODE = wholemodule;
				SWIFT_OPTIMIZATION_LEVEL = "-O";
				VALIDATE_PRODUCT = YES;
			};
			name = Release;
		};
		AC6971072A55FCDC00F88839 /* Debug */ = {
			isa = XCBuildConfiguration;
			buildSettings = {
				ASSETCATALOG_COMPILER_APPICON_NAME = AppIcon;
				ASSETCATALOG_COMPILER_GLOBAL_ACCENT_COLOR_NAME = AccentColor;
				CODE_SIGN_STYLE = Automatic;
				CURRENT_PROJECT_VERSION = 1;
				DEVELOPMENT_ASSET_PATHS = "\"AppleWallet/Preview Content\"";
				DEVELOPMENT_TEAM = M4SYRBQBFW;
				ENABLE_PREVIEWS = YES;
				GENERATE_INFOPLIST_FILE = YES;
				INFOPLIST_KEY_UIApplicationSceneManifest_Generation = YES;
				INFOPLIST_KEY_UIApplicationSupportsIndirectInputEvents = YES;
				INFOPLIST_KEY_UILaunchScreen_Generation = YES;
				INFOPLIST_KEY_UISupportedInterfaceOrientations_iPad = "UIInterfaceOrientationPortrait UIInterfaceOrientationPortraitUpsideDown UIInterfaceOrientationLandscapeLeft UIInterfaceOrientationLandscapeRight";
				INFOPLIST_KEY_UISupportedInterfaceOrientations_iPhone = "UIInterfaceOrientationPortrait UIInterfaceOrientationLandscapeLeft UIInterfaceOrientationLandscapeRight";
				IPHONEOS_DEPLOYMENT_TARGET = 14.0;
				LD_RUNPATH_SEARCH_PATHS = (
					"$(inherited)",
					"@executable_path/Frameworks",
				);
				MARKETING_VERSION = 1.0;
				PRODUCT_BUNDLE_IDENTIFIER = com.AhmedAmin.AppleWallet;
				PRODUCT_NAME = "$(TARGET_NAME)";
				SUPPORTED_PLATFORMS = "iphoneos iphonesimulator";
				SUPPORTS_MACCATALYST = NO;
				SUPPORTS_MAC_DESIGNED_FOR_IPHONE_IPAD = NO;
				SWIFT_EMIT_LOC_STRINGS = YES;
				SWIFT_VERSION = 5.0;
				TARGETED_DEVICE_FAMILY = 1;
			};
			name = Debug;
		};
		AC6971082A55FCDC00F88839 /* Release */ = {
			isa = XCBuildConfiguration;
			buildSettings = {
				ASSETCATALOG_COMPILER_APPICON_NAME = AppIcon;
				ASSETCATALOG_COMPILER_GLOBAL_ACCENT_COLOR_NAME = AccentColor;
				CODE_SIGN_STYLE = Automatic;
				CURRENT_PROJECT_VERSION = 1;
				DEVELOPMENT_ASSET_PATHS = "\"AppleWallet/Preview Content\"";
				DEVELOPMENT_TEAM = M4SYRBQBFW;
				ENABLE_PREVIEWS = YES;
				GENERATE_INFOPLIST_FILE = YES;
				INFOPLIST_KEY_UIApplicationSceneManifest_Generation = YES;
				INFOPLIST_KEY_UIApplicationSupportsIndirectInputEvents = YES;
				INFOPLIST_KEY_UILaunchScreen_Generation = YES;
				INFOPLIST_KEY_UISupportedInterfaceOrientations_iPad = "UIInterfaceOrientationPortrait UIInterfaceOrientationPortraitUpsideDown UIInterfaceOrientationLandscapeLeft UIInterfaceOrientationLandscapeRight";
				INFOPLIST_KEY_UISupportedInterfaceOrientations_iPhone = "UIInterfaceOrientationPortrait UIInterfaceOrientationLandscapeLeft UIInterfaceOrientationLandscapeRight";
				IPHONEOS_DEPLOYMENT_TARGET = 14.0;
				LD_RUNPATH_SEARCH_PATHS = (
					"$(inherited)",
					"@executable_path/Frameworks",
				);
				MARKETING_VERSION = 1.0;
				PRODUCT_BUNDLE_IDENTIFIER = com.AhmedAmin.AppleWallet;
				PRODUCT_NAME = "$(TARGET_NAME)";
				SUPPORTED_PLATFORMS = "iphoneos iphonesimulator";
				SUPPORTS_MACCATALYST = NO;
				SUPPORTS_MAC_DESIGNED_FOR_IPHONE_IPAD = NO;
				SWIFT_EMIT_LOC_STRINGS = YES;
				SWIFT_VERSION = 5.0;
				TARGETED_DEVICE_FAMILY = 1;
			};
			name = Release;
		};
/* End XCBuildConfiguration section */

/* Begin XCConfigurationList section */
		AC6970F32A55FCDB00F88839 /* Build configuration list for PBXProject "AppleWallet" */ = {
			isa = XCConfigurationList;
			buildConfigurations = (
				AC6971042A55FCDC00F88839 /* Debug */,
				AC6971052A55FCDC00F88839 /* Release */,
			);
			defaultConfigurationIsVisible = 0;
			defaultConfigurationName = Release;
		};
		AC6971062A55FCDC00F88839 /* Build configuration list for PBXNativeTarget "AppleWallet" */ = {
			isa = XCConfigurationList;
			buildConfigurations = (
				AC6971072A55FCDC00F88839 /* Debug */,
				AC6971082A55FCDC00F88839 /* Release */,
			);
			defaultConfigurationIsVisible = 0;
			defaultConfigurationName = Release;
		};
/* End XCConfigurationList section */
	};
	rootObject = AC6970F02A55FCDB00F88839 /* Project object */;
}
